
Microsoft Visual Studio Solution File, Format Version 12.00
# Visual Studio 15
VisualStudioVersion = 15.0.28010.2050
MinimumVisualStudioVersion = 10.0.40219.1
Project("{FAE04EC0-301F-11D3-BF4B-00C04F79EFBC}") = "XWebApp", "XWebApp\XWebApp.csproj", "{490DFF62-FE72-45C1-9224-54EEFAB49D6F}"
EndProject
Global
	GlobalSection(SolutionConfigurationPlatforms) = preSolution
		Debug|Any CPU = Debug|Any CPU
		Release|Any CPU = Release|Any CPU
	EndGlobalSection
	GlobalSection(ProjectConfigurationPlatforms) = postSolution
		{490DFF62-FE72-45C1-9224-54EEFAB49D6F}.Debug|Any CPU.ActiveCfg = Debug|Any CPU
		{490DFF62-FE72-45C1-9224-54EEFAB49D6F}.Debug|Any CPU.Build.0 = Debug|Any CPU
		{490DFF62-FE72-45C1-9224-54EEFAB49D6F}.Release|Any CPU.ActiveCfg = Release|Any CPU
		{490DFF62-FE72-45C1-9224-54EEFAB49D6F}.Release|Any CPU.Build.0 = Release|Any CPU
	EndGlobalSection
	GlobalSection(SolutionProperties) = preSolution
		HideSolutionNode = FALSE
	EndGlobalSection
	GlobalSection(ExtensibilityGlobals) = postSolution
		SolutionGuid = {EFEA92D9-BB3D-4FE2-BE81-23963F38B4F7}
	EndGlobalSection
EndGlobal
