
Microsoft Visual Studio Solution File, Format Version 12.00
# Visual Studio 15
VisualStudioVersion = 15.0.27130.2026
MinimumVisualStudioVersion = 10.0.40219.1
Project("{FAE04EC0-301F-11D3-BF4B-00C04F79EFBC}") = "generator-parcare", "generator-parcare\generator-parcare.csproj", "{C57909B6-CD0A-4BAE-945B-A8322CEADD48}"
EndProject
Global
	GlobalSection(SolutionConfigurationPlatforms) = preSolution
		Debug|Any CPU = Debug|Any CPU
		Release|Any CPU = Release|Any CPU
	EndGlobalSection
	GlobalSection(ProjectConfigurationPlatforms) = postSolution
		{C57909B6-CD0A-4BAE-945B-A8322CEADD48}.Debug|Any CPU.ActiveCfg = Debug|Any CPU
		{C57909B6-CD0A-4BAE-945B-A8322CEADD48}.Debug|Any CPU.Build.0 = Debug|Any CPU
		{C57909B6-CD0A-4BAE-945B-A8322CEADD48}.Release|Any CPU.ActiveCfg = Release|Any CPU
		{C57909B6-CD0A-4BAE-945B-A8322CEADD48}.Release|Any CPU.Build.0 = Release|Any CPU
	EndGlobalSection
	GlobalSection(SolutionProperties) = preSolution
		HideSolutionNode = FALSE
	EndGlobalSection
	GlobalSection(ExtensibilityGlobals) = postSolution
		SolutionGuid = {A004EA64-A3A4-4C44-AFAD-77FBE4962D11}
	EndGlobalSection
EndGlobal
