
Microsoft Visual Studio Solution File, Format Version 12.00
# Visual Studio 15
VisualStudioVersion = 15.0.28307.136
MinimumVisualStudioVersion = 10.0.40219.1
Project("{FAE04EC0-301F-11D3-BF4B-00C04F79EFBC}") = "Worker", "Worker\Worker.csproj", "{A8542E03-2E59-48AB-9AD2-E73B3AA34236}"
EndProject
Global
	GlobalSection(SolutionConfigurationPlatforms) = preSolution
		Debug|Any CPU = Debug|Any CPU
		Release|Any CPU = Release|Any CPU
	EndGlobalSection
	GlobalSection(ProjectConfigurationPlatforms) = postSolution
		{A8542E03-2E59-48AB-9AD2-E73B3AA34236}.Debug|Any CPU.ActiveCfg = Debug|Any CPU
		{A8542E03-2E59-48AB-9AD2-E73B3AA34236}.Debug|Any CPU.Build.0 = Debug|Any CPU
		{A8542E03-2E59-48AB-9AD2-E73B3AA34236}.Release|Any CPU.ActiveCfg = Release|Any CPU
		{A8542E03-2E59-48AB-9AD2-E73B3AA34236}.Release|Any CPU.Build.0 = Release|Any CPU
	EndGlobalSection
	GlobalSection(SolutionProperties) = preSolution
		HideSolutionNode = FALSE
	EndGlobalSection
	GlobalSection(ExtensibilityGlobals) = postSolution
		SolutionGuid = {427E5F09-95E1-4ED9-BCA7-496FAD883884}
	EndGlobalSection
EndGlobal
