
Microsoft Visual Studio Solution File, Format Version 12.00
# Visual Studio 15
VisualStudioVersion = 15.0.28010.2041
MinimumVisualStudioVersion = 10.0.40219.1
Project("{FAE04EC0-301F-11D3-BF4B-00C04F79EFBC}") = "WebApplication1", "WebApplication1\WebApplication1.csproj", "{81D00724-DD17-458A-9D77-44831C22C276}"
EndProject
Global
	GlobalSection(SolutionConfigurationPlatforms) = preSolution
		Debug|Any CPU = Debug|Any CPU
		Release|Any CPU = Release|Any CPU
	EndGlobalSection
	GlobalSection(ProjectConfigurationPlatforms) = postSolution
		{81D00724-DD17-458A-9D77-44831C22C276}.Debug|Any CPU.ActiveCfg = Debug|Any CPU
		{81D00724-DD17-458A-9D77-44831C22C276}.Debug|Any CPU.Build.0 = Debug|Any CPU
		{81D00724-DD17-458A-9D77-44831C22C276}.Release|Any CPU.ActiveCfg = Release|Any CPU
		{81D00724-DD17-458A-9D77-44831C22C276}.Release|Any CPU.Build.0 = Release|Any CPU
	EndGlobalSection
	GlobalSection(SolutionProperties) = preSolution
		HideSolutionNode = FALSE
	EndGlobalSection
	GlobalSection(ExtensibilityGlobals) = postSolution
		SolutionGuid = {E96604F9-FFA4-4795-B827-C3E478E58213}
	EndGlobalSection
EndGlobal
