
Microsoft Visual Studio Solution File, Format Version 12.00
# Visual Studio 15
VisualStudioVersion = 15.0.28307.168
MinimumVisualStudioVersion = 10.0.40219.1
Project("{FAE04EC0-301F-11D3-BF4B-00C04F79EFBC}") = "WebAPI", "WebAPI\WebAPI.csproj", "{B3135C74-F1AF-4F63-9509-EDC798D87F4A}"
EndProject
Global
	GlobalSection(SolutionConfigurationPlatforms) = preSolution
		Debug|Any CPU = Debug|Any CPU
		Release|Any CPU = Release|Any CPU
	EndGlobalSection
	GlobalSection(ProjectConfigurationPlatforms) = postSolution
		{B3135C74-F1AF-4F63-9509-EDC798D87F4A}.Debug|Any CPU.ActiveCfg = Debug|Any CPU
		{B3135C74-F1AF-4F63-9509-EDC798D87F4A}.Debug|Any CPU.Build.0 = Debug|Any CPU
		{B3135C74-F1AF-4F63-9509-EDC798D87F4A}.Release|Any CPU.ActiveCfg = Release|Any CPU
		{B3135C74-F1AF-4F63-9509-EDC798D87F4A}.Release|Any CPU.Build.0 = Release|Any CPU
	EndGlobalSection
	GlobalSection(SolutionProperties) = preSolution
		HideSolutionNode = FALSE
	EndGlobalSection
	GlobalSection(ExtensibilityGlobals) = postSolution
		SolutionGuid = {377454DB-CC8F-495E-8507-90E0912296D5}
	EndGlobalSection
EndGlobal
